
Microsoft Visual Studio Solution File, Format Version 12.00
# Visual Studio Version 16
VisualStudioVersion = 16.0.30621.155
MinimumVisualStudioVersion = 10.0.40219.1
Project("{FAE04EC0-301F-11D3-BF4B-00C04F79EFBC}") = "IIParcial_Laboratorio", "IIParcial_Laboratorio\IIParcial_Laboratorio.csproj", "{9B9CEC8E-3739-4310-99FD-A120727AA544}"
EndProject
Project("{FAE04EC0-301F-11D3-BF4B-00C04F79EFBC}") = "Entidades", "Entidades\Entidades.csproj", "{FAC9CB70-90DD-4C54-8098-DBB823F5B5CE}"
EndProject
Project("{FAE04EC0-301F-11D3-BF4B-00C04F79EFBC}") = "Exception1", "Exception\Exception1.csproj", "{5890A122-330A-48F2-9AC6-6F54ED7B7F9F}"
EndProject
Project("{FAE04EC0-301F-11D3-BF4B-00C04F79EFBC}") = "Archivos", "Archivos\Archivos.csproj", "{47952D35-F7A3-4464-AC41-B6A998D81136}"
EndProject
Project("{FAE04EC0-301F-11D3-BF4B-00C04F79EFBC}") = "TestUnitario", "TestUnitario\TestUnitario.csproj", "{4DC1F494-A6B3-4529-82F7-3FF50E8E1BB4}"
EndProject
Global
	GlobalSection(SolutionConfigurationPlatforms) = preSolution
		Debug|Any CPU = Debug|Any CPU
		Release|Any CPU = Release|Any CPU
	EndGlobalSection
	GlobalSection(ProjectConfigurationPlatforms) = postSolution
		{9B9CEC8E-3739-4310-99FD-A120727AA544}.Debug|Any CPU.ActiveCfg = Debug|Any CPU
		{9B9CEC8E-3739-4310-99FD-A120727AA544}.Debug|Any CPU.Build.0 = Debug|Any CPU
		{9B9CEC8E-3739-4310-99FD-A120727AA544}.Release|Any CPU.ActiveCfg = Release|Any CPU
		{9B9CEC8E-3739-4310-99FD-A120727AA544}.Release|Any CPU.Build.0 = Release|Any CPU
		{FAC9CB70-90DD-4C54-8098-DBB823F5B5CE}.Debug|Any CPU.ActiveCfg = Debug|Any CPU
		{FAC9CB70-90DD-4C54-8098-DBB823F5B5CE}.Debug|Any CPU.Build.0 = Debug|Any CPU
		{FAC9CB70-90DD-4C54-8098-DBB823F5B5CE}.Release|Any CPU.ActiveCfg = Release|Any CPU
		{FAC9CB70-90DD-4C54-8098-DBB823F5B5CE}.Release|Any CPU.Build.0 = Release|Any CPU
		{5890A122-330A-48F2-9AC6-6F54ED7B7F9F}.Debug|Any CPU.ActiveCfg = Debug|Any CPU
		{5890A122-330A-48F2-9AC6-6F54ED7B7F9F}.Debug|Any CPU.Build.0 = Debug|Any CPU
		{5890A122-330A-48F2-9AC6-6F54ED7B7F9F}.Release|Any CPU.ActiveCfg = Release|Any CPU
		{5890A122-330A-48F2-9AC6-6F54ED7B7F9F}.Release|Any CPU.Build.0 = Release|Any CPU
		{47952D35-F7A3-4464-AC41-B6A998D81136}.Debug|Any CPU.ActiveCfg = Debug|Any CPU
		{47952D35-F7A3-4464-AC41-B6A998D81136}.Debug|Any CPU.Build.0 = Debug|Any CPU
		{47952D35-F7A3-4464-AC41-B6A998D81136}.Release|Any CPU.ActiveCfg = Release|Any CPU
		{47952D35-F7A3-4464-AC41-B6A998D81136}.Release|Any CPU.Build.0 = Release|Any CPU
		{4DC1F494-A6B3-4529-82F7-3FF50E8E1BB4}.Debug|Any CPU.ActiveCfg = Debug|Any CPU
		{4DC1F494-A6B3-4529-82F7-3FF50E8E1BB4}.Debug|Any CPU.Build.0 = Debug|Any CPU
		{4DC1F494-A6B3-4529-82F7-3FF50E8E1BB4}.Release|Any CPU.ActiveCfg = Release|Any CPU
		{4DC1F494-A6B3-4529-82F7-3FF50E8E1BB4}.Release|Any CPU.Build.0 = Release|Any CPU
	EndGlobalSection
	GlobalSection(SolutionProperties) = preSolution
		HideSolutionNode = FALSE
	EndGlobalSection
	GlobalSection(ExtensibilityGlobals) = postSolution
		SolutionGuid = {2B1615D6-AA1F-436C-909D-49AC6F22462A}
	EndGlobalSection
EndGlobal
